// !$*UTF8*$!
{
	archiveVersion = 1;
	classes = {
	};
	objectVersion = 50;
	objects = {

/* Begin PBXBuildFile section */
		A00D94272692D7D300723522 /* RGBApp.swift in Sources */ = {isa = PBXBuildFile; fileRef = A00D94262692D7D300723522 /* RGBApp.swift */; };
		A00D94292692D7D300723522 /* ContentView.swift in Sources */ = {isa = PBXBuildFile; fileRef = A00D94282692D7D300723522 /* ContentView.swift */; };
		A00D942B2692D7D500723522 /* Assets.xcassets in Resources */ = {isa = PBXBuildFile; fileRef = A00D942A2692D7D500723522 /* Assets.xcassets */; };
		A00D942E2692D7D500723522 /* Preview Assets.xcassets in Resources */ = {isa = PBXBuildFile; fileRef = A00D942D2692D7D500723522 /* Preview Assets.xcassets */; };
		A00D94392692D7D600723522 /* RGBTests.swift in Sources */ = {isa = PBXBuildFile; fileRef = A00D94382692D7D600723522 /* RGBTests.swift */; };
		A00D94442692D7D600723522 /* RGBUITests.swift in Sources */ = {isa = PBXBuildFile; fileRef = A00D94432692D7D600723522 /* RGBUITests.swift */; };
/* End PBXBuildFile section */

/* Begin PBXContainerItemProxy section */
		A00D94352692D7D600723522 /* PBXContainerItemProxy */ = {
			isa = PBXContainerItemProxy;
			containerPortal = A00D941B2692D7D300723522 /* Project object */;
			proxyType = 1;
			remoteGlobalIDString = A00D94222692D7D300723522;
			remoteInfo = RGB;
		};
		A00D94402692D7D600723522 /* PBXContainerItemProxy */ = {
			isa = PBXContainerItemProxy;
			containerPortal = A00D941B2692D7D300723522 /* Project object */;
			proxyType = 1;
			remoteGlobalIDString = A00D94222692D7D300723522;
			remoteInfo = RGB;
		};
/* End PBXContainerItemProxy section */

/* Begin PBXFileReference section */
		A00D94232692D7D300723522 /* RGB.app */ = {isa = PBXFileReference; explicitFileType = wrapper.application; includeInIndex = 0; path = RGB.app; sourceTree = BUILT_PRODUCTS_DIR; };
		A00D94262692D7D300723522 /* RGBApp.swift */ = {isa = PBXFileReference; lastKnownFileType = sourcecode.swift; path = RGBApp.swift; sourceTree = "<group>"; };
		A00D94282692D7D300723522 /* ContentView.swift */ = {isa = PBXFileReference; lastKnownFileType = sourcecode.swift; path = ContentView.swift; sourceTree = "<group>"; };
		A00D942A2692D7D500723522 /* Assets.xcassets */ = {isa = PBXFileReference; lastKnownFileType = folder.assetcatalog; path = Assets.xcassets; sourceTree = "<group>"; };
		A00D942D2692D7D500723522 /* Preview Assets.xcassets */ = {isa = PBXFileReference; lastKnownFileType = folder.assetcatalog; path = "Preview Assets.xcassets"; sourceTree = "<group>"; };
		A00D942F2692D7D500723522 /* Info.plist */ = {isa = PBXFileReference; lastKnownFileType = text.plist.xml; path = Info.plist; sourceTree = "<group>"; };
		A00D94342692D7D600723522 /* RGBTests.xctest */ = {isa = PBXFileReference; explicitFileType = wrapper.cfbundle; includeInIndex = 0; path = RGBTests.xctest; sourceTree = BUILT_PRODUCTS_DIR; };
		A00D94382692D7D600723522 /* RGBTests.swift */ = {isa = PBXFileReference; lastKnownFileType = sourcecode.swift; path = RGBTests.swift; sourceTree = "<group>"; };
		A00D943A2692D7D600723522 /* Info.plist */ = {isa = PBXFileReference; lastKnownFileType = text.plist.xml; path = Info.plist; sourceTree = "<group>"; };
		A00D943F2692D7D600723522 /* RGBUITests.xctest */ = {isa = PBXFileReference; explicitFileType = wrapper.cfbundle; includeInIndex = 0; path = RGBUITests.xctest; sourceTree = BUILT_PRODUCTS_DIR; };
		A00D94432692D7D600723522 /* RGBUITests.swift */ = {isa = PBXFileReference; lastKnownFileType = sourcecode.swift; path = RGBUITests.swift; sourceTree = "<group>"; };
		A00D94452692D7D600723522 /* Info.plist */ = {isa = PBXFileReference; lastKnownFileType = text.plist.xml; path = Info.plist; sourceTree = "<group>"; };
/* End PBXFileReference section */

/* Begin PBXFrameworksBuildPhase section */
		A00D94202692D7D300723522 /* Frameworks */ = {
			isa = PBXFrameworksBuildPhase;
			buildActionMask = 2147483647;
			files = (
			);
			runOnlyForDeploymentPostprocessing = 0;
		};
		A00D94312692D7D600723522 /* Frameworks */ = {
			isa = PBXFrameworksBuildPhase;
			buildActionMask = 2147483647;
			files = (
			);
			runOnlyForDeploymentPostprocessing = 0;
		};
		A00D943C2692D7D600723522 /* Frameworks */ = {
			isa = PBXFrameworksBuildPhase;
			buildActionMask = 2147483647;
			files = (
			);
			runOnlyForDeploymentPostprocessing = 0;
		};
/* End PBXFrameworksBuildPhase section */

/* Begin PBXGroup section */
		A00D941A2692D7D300723522 = {
			isa = PBXGroup;
			children = (
				A00D94252692D7D300723522 /* RGB */,
				A00D94372692D7D600723522 /* RGBTests */,
				A00D94422692D7D600723522 /* RGBUITests */,
				A00D94242692D7D300723522 /* Products */,
			);
			sourceTree = "<group>";
		};
		A00D94242692D7D300723522 /* Products */ = {
			isa = PBXGroup;
			children = (
				A00D94232692D7D300723522 /* RGB.app */,
				A00D94342692D7D600723522 /* RGBTests.xctest */,
				A00D943F2692D7D600723522 /* RGBUITests.xctest */,
			);
			name = Products;
			sourceTree = "<group>";
		};
		A00D94252692D7D300723522 /* RGB */ = {
			isa = PBXGroup;
			children = (
				A00D94262692D7D300723522 /* RGBApp.swift */,
				A00D94282692D7D300723522 /* ContentView.swift */,
				A00D942A2692D7D500723522 /* Assets.xcassets */,
				A00D942F2692D7D500723522 /* Info.plist */,
				A00D942C2692D7D500723522 /* Preview Content */,
			);
			path = RGB;
			sourceTree = "<group>";
		};
		A00D942C2692D7D500723522 /* Preview Content */ = {
			isa = PBXGroup;
			children = (
				A00D942D2692D7D500723522 /* Preview Assets.xcassets */,
			);
			path = "Preview Content";
			sourceTree = "<group>";
		};
		A00D94372692D7D600723522 /* RGBTests */ = {
			isa = PBXGroup;
			children = (
				A00D94382692D7D600723522 /* RGBTests.swift */,
				A00D943A2692D7D600723522 /* Info.plist */,
			);
			path = RGBTests;
			sourceTree = "<group>";
		};
		A00D94422692D7D600723522 /* RGBUITests */ = {
			isa = PBXGroup;
			children = (
				A00D94432692D7D600723522 /* RGBUITests.swift */,
				A00D94452692D7D600723522 /* Info.plist */,
			);
			path = RGBUITests;
			sourceTree = "<group>";
		};
/* End PBXGroup section */

/* Begin PBXNativeTarget section */
		A00D94222692D7D300723522 /* RGB */ = {
			isa = PBXNativeTarget;
			buildConfigurationList = A00D94482692D7D600723522 /* Build configuration list for PBXNativeTarget "RGB" */;
			buildPhases = (
				A00D941F2692D7D300723522 /* Sources */,
				A00D94202692D7D300723522 /* Frameworks */,
				A00D94212692D7D300723522 /* Resources */,
			);
			buildRules = (
			);
			dependencies = (
			);
			name = RGB;
			productName = RGB;
			productReference = A00D94232692D7D300723522 /* RGB.app */;
			productType = "com.apple.product-type.application";
		};
		A00D94332692D7D600723522 /* RGBTests */ = {
			isa = PBXNativeTarget;
			buildConfigurationList = A00D944B2692D7D600723522 /* Build configuration list for PBXNativeTarget "RGBTests" */;
			buildPhases = (
				A00D94302692D7D600723522 /* Sources */,
				A00D94312692D7D600723522 /* Frameworks */,
				A00D94322692D7D600723522 /* Resources */,
			);
			buildRules = (
			);
			dependencies = (
				A00D94362692D7D600723522 /* PBXTargetDependency */,
			);
			name = RGBTests;
			productName = RGBTests;
			productReference = A00D94342692D7D600723522 /* RGBTests.xctest */;
			productType = "com.apple.product-type.bundle.unit-test";
		};
		A00D943E2692D7D600723522 /* RGBUITests */ = {
			isa = PBXNativeTarget;
			buildConfigurationList = A00D944E2692D7D600723522 /* Build configuration list for PBXNativeTarget "RGBUITests" */;
			buildPhases = (
				A00D943B2692D7D600723522 /* Sources */,
				A00D943C2692D7D600723522 /* Frameworks */,
				A00D943D2692D7D600723522 /* Resources */,
			);
			buildRules = (
			);
			dependencies = (
				A00D94412692D7D600723522 /* PBXTargetDependency */,
			);
			name = RGBUITests;
			productName = RGBUITests;
			productReference = A00D943F2692D7D600723522 /* RGBUITests.xctest */;
			productType = "com.apple.product-type.bundle.ui-testing";
		};
/* End PBXNativeTarget section */

/* Begin PBXProject section */
		A00D941B2692D7D300723522 /* Project object */ = {
			isa = PBXProject;
			attributes = {
				LastSwiftUpdateCheck = 1250;
				LastUpgradeCheck = 1250;
				TargetAttributes = {
					A00D94222692D7D300723522 = {
						CreatedOnToolsVersion = 12.5.1;
					};
					A00D94332692D7D600723522 = {
						CreatedOnToolsVersion = 12.5.1;
						TestTargetID = A00D94222692D7D300723522;
					};
					A00D943E2692D7D600723522 = {
						CreatedOnToolsVersion = 12.5.1;
						TestTargetID = A00D94222692D7D300723522;
					};
				};
			};
			buildConfigurationList = A00D941E2692D7D300723522 /* Build configuration list for PBXProject "RGB" */;
			compatibilityVersion = "Xcode 9.3";
			developmentRegion = en;
			hasScannedForEncodings = 0;
			knownRegions = (
				en,
				Base,
			);
			mainGroup = A00D941A2692D7D300723522;
			productRefGroup = A00D94242692D7D300723522 /* Products */;
			projectDirPath = "";
			projectRoot = "";
			targets = (
				A00D94222692D7D300723522 /* RGB */,
				A00D94332692D7D600723522 /* RGBTests */,
				A00D943E2692D7D600723522 /* RGBUITests */,
			);
		};
/* End PBXProject section */

/* Begin PBXResourcesBuildPhase section */
		A00D94212692D7D300723522 /* Resources */ = {
			isa = PBXResourcesBuildPhase;
			buildActionMask = 2147483647;
			files = (
				A00D942E2692D7D500723522 /* Preview Assets.xcassets in Resources */,
				A00D942B2692D7D500723522 /* Assets.xcassets in Resources */,
			);
			runOnlyForDeploymentPostprocessing = 0;
		};
		A00D94322692D7D600723522 /* Resources */ = {
			isa = PBXResourcesBuildPhase;
			buildActionMask = 2147483647;
			files = (
			);
			runOnlyForDeploymentPostprocessing = 0;
		};
		A00D943D2692D7D600723522 /* Resources */ = {
			isa = PBXResourcesBuildPhase;
			buildActionMask = 2147483647;
			files = (
			);
			runOnlyForDeploymentPostprocessing = 0;
		};
/* End PBXResourcesBuildPhase section */

/* Begin PBXSourcesBuildPhase section */
		A00D941F2692D7D300723522 /* Sources */ = {
			isa = PBXSourcesBuildPhase;
			buildActionMask = 2147483647;
			files = (
				A00D94292692D7D300723522 /* ContentView.swift in Sources */,
				A00D94272692D7D300723522 /* RGBApp.swift in Sources */,
			);
			runOnlyForDeploymentPostprocessing = 0;
		};
		A00D94302692D7D600723522 /* Sources */ = {
			isa = PBXSourcesBuildPhase;
			buildActionMask = 2147483647;
			files = (
				A00D94392692D7D600723522 /* RGBTests.swift in Sources */,
			);
			runOnlyForDeploymentPostprocessing = 0;
		};
		A00D943B2692D7D600723522 /* Sources */ = {
			isa = PBXSourcesBuildPhase;
			buildActionMask = 2147483647;
			files = (
				A00D94442692D7D600723522 /* RGBUITests.swift in Sources */,
			);
			runOnlyForDeploymentPostprocessing = 0;
		};
/* End PBXSourcesBuildPhase section */

/* Begin PBXTargetDependency section */
		A00D94362692D7D600723522 /* PBXTargetDependency */ = {
			isa = PBXTargetDependency;
			target = A00D94222692D7D300723522 /* RGB */;
			targetProxy = A00D94352692D7D600723522 /* PBXContainerItemProxy */;
		};
		A00D94412692D7D600723522 /* PBXTargetDependency */ = {
			isa = PBXTargetDependency;
			target = A00D94222692D7D300723522 /* RGB */;
			targetProxy = A00D94402692D7D600723522 /* PBXContainerItemProxy */;
		};
/* End PBXTargetDependency section */

/* Begin XCBuildConfiguration section */
		A00D94462692D7D600723522 /* Debug */ = {
			isa = XCBuildConfiguration;
			buildSettings = {
				ALWAYS_SEARCH_USER_PATHS = NO;
				CLANG_ANALYZER_NONNULL = YES;
				CLANG_ANALYZER_NUMBER_OBJECT_CONVERSION = YES_AGGRESSIVE;
				CLANG_CXX_LANGUAGE_STANDARD = "gnu++14";
				CLANG_CXX_LIBRARY = "libc++";
				CLANG_ENABLE_MODULES = YES;
				CLANG_ENABLE_OBJC_ARC = YES;
				CLANG_ENABLE_OBJC_WEAK = YES;
				CLANG_WARN_BLOCK_CAPTURE_AUTORELEASING = YES;
				CLANG_WARN_BOOL_CONVERSION = YES;
				CLANG_WARN_COMMA = YES;
				CLANG_WARN_CONSTANT_CONVERSION = YES;
				CLANG_WARN_DEPRECATED_OBJC_IMPLEMENTATIONS = YES;
				CLANG_WARN_DIRECT_OBJC_ISA_USAGE = YES_ERROR;
				CLANG_WARN_DOCUMENTATION_COMMENTS = YES;
				CLANG_WARN_EMPTY_BODY = YES;
				CLANG_WARN_ENUM_CONVERSION = YES;
				CLANG_WARN_INFINITE_RECURSION = YES;
				CLANG_WARN_INT_CONVERSION = YES;
				CLANG_WARN_NON_LITERAL_NULL_CONVERSION = YES;
				CLANG_WARN_OBJC_IMPLICIT_RETAIN_SELF = YES;
				CLANG_WARN_OBJC_LITERAL_CONVERSION = YES;
				CLANG_WARN_OBJC_ROOT_CLASS = YES_ERROR;
				CLANG_WARN_QUOTED_INCLUDE_IN_FRAMEWORK_HEADER = YES;
				CLANG_WARN_RANGE_LOOP_ANALYSIS = YES;
				CLANG_WARN_STRICT_PROTOTYPES = YES;
				CLANG_WARN_SUSPICIOUS_MOVE = YES;
				CLANG_WARN_UNGUARDED_AVAILABILITY = YES_AGGRESSIVE;
				CLANG_WARN_UNREACHABLE_CODE = YES;
				CLANG_WARN__DUPLICATE_METHOD_MATCH = YES;
				COPY_PHASE_STRIP = NO;
				DEBUG_INFORMATION_FORMAT = dwarf;
				ENABLE_STRICT_OBJC_MSGSEND = YES;
				ENABLE_TESTABILITY = YES;
				GCC_C_LANGUAGE_STANDARD = gnu11;
				GCC_DYNAMIC_NO_PIC = NO;
				GCC_NO_COMMON_BLOCKS = YES;
				GCC_OPTIMIZATION_LEVEL = 0;
				GCC_PREPROCESSOR_DEFINITIONS = (
					"DEBUG=1",
					"$(inherited)",
				);
				GCC_WARN_64_TO_32_BIT_CONVERSION = YES;
				GCC_WARN_ABOUT_RETURN_TYPE = YES_ERROR;
				GCC_WARN_UNDECLARED_SELECTOR = YES;
				GCC_WARN_UNINITIALIZED_AUTOS = YES_AGGRESSIVE;
				GCC_WARN_UNUSED_FUNCTION = YES;
				GCC_WARN_UNUSED_VARIABLE = YES;
				IPHONEOS_DEPLOYMENT_TARGET = 14.5;
				MTL_ENABLE_DEBUG_INFO = INCLUDE_SOURCE;
				MTL_FAST_MATH = YES;
				ONLY_ACTIVE_ARCH = YES;
				SDKROOT = iphoneos;
				SWIFT_ACTIVE_COMPILATION_CONDITIONS = DEBUG;
				SWIFT_OPTIMIZATION_LEVEL = "-Onone";
			};
			name = Debug;
		};
		A00D94472692D7D600723522 /* Release */ = {
			isa = XCBuildConfiguration;
			buildSettings = {
				ALWAYS_SEARCH_USER_PATHS = NO;
				CLANG_ANALYZER_NONNULL = YES;
				CLANG_ANALYZER_NUMBER_OBJECT_CONVERSION = YES_AGGRESSIVE;
				CLANG_CXX_LANGUAGE_STANDARD = "gnu++14";
				CLANG_CXX_LIBRARY = "libc++";
				CLANG_ENABLE_MODULES = YES;
				CLANG_ENABLE_OBJC_ARC = YES;
				CLANG_ENABLE_OBJC_WEAK = YES;
				CLANG_WARN_BLOCK_CAPTURE_AUTORELEASING = YES;
				CLANG_WARN_BOOL_CONVERSION = YES;
				CLANG_WARN_COMMA = YES;
				CLANG_WARN_CONSTANT_CONVERSION = YES;
				CLANG_WARN_DEPRECATED_OBJC_IMPLEMENTATIONS = YES;
				CLANG_WARN_DIRECT_OBJC_ISA_USAGE = YES_ERROR;
				CLANG_WARN_DOCUMENTATION_COMMENTS = YES;
				CLANG_WARN_EMPTY_BODY = YES;
				CLANG_WARN_ENUM_CONVERSION = YES;
				CLANG_WARN_INFINITE_RECURSION = YES;
				CLANG_WARN_INT_CONVERSION = YES;
				CLANG_WARN_NON_LITERAL_NULL_CONVERSION = YES;
				CLANG_WARN_OBJC_IMPLICIT_RETAIN_SELF = YES;
				CLANG_WARN_OBJC_LITERAL_CONVERSION = YES;
				CLANG_WARN_OBJC_ROOT_CLASS = YES_ERROR;
				CLANG_WARN_QUOTED_INCLUDE_IN_FRAMEWORK_HEADER = YES;
				CLANG_WARN_RANGE_LOOP_ANALYSIS = YES;
				CLANG_WARN_STRICT_PROTOTYPES = YES;
				CLANG_WARN_SUSPICIOUS_MOVE = YES;
				CLANG_WARN_UNGUARDED_AVAILABILITY = YES_AGGRESSIVE;
				CLANG_WARN_UNREACHABLE_CODE = YES;
				CLANG_WARN__DUPLICATE_METHOD_MATCH = YES;
				COPY_PHASE_STRIP = NO;
				DEBUG_INFORMATION_FORMAT = "dwarf-with-dsym";
				ENABLE_NS_ASSERTIONS = NO;
				ENABLE_STRICT_OBJC_MSGSEND = YES;
				GCC_C_LANGUAGE_STANDARD = gnu11;
				GCC_NO_COMMON_BLOCKS = YES;
				GCC_WARN_64_TO_32_BIT_CONVERSION = YES;
				GCC_WARN_ABOUT_RETURN_TYPE = YES_ERROR;
				GCC_WARN_UNDECLARED_SELECTOR = YES;
				GCC_WARN_UNINITIALIZED_AUTOS = YES_AGGRESSIVE;
				GCC_WARN_UNUSED_FUNCTION = YES;
				GCC_WARN_UNUSED_VARIABLE = YES;
				IPHONEOS_DEPLOYMENT_TARGET = 14.5;
				MTL_ENABLE_DEBUG_INFO = NO;
				MTL_FAST_MATH = YES;
				SDKROOT = iphoneos;
				SWIFT_COMPILATION_MODE = wholemodule;
				SWIFT_OPTIMIZATION_LEVEL = "-O";
				VALIDATE_PRODUCT = YES;
			};
			name = Release;
		};
		A00D94492692D7D600723522 /* Debug */ = {
			isa = XCBuildConfiguration;
			buildSettings = {
				ASSETCATALOG_COMPILER_APPICON_NAME = AppIcon;
				ASSETCATALOG_COMPILER_GLOBAL_ACCENT_COLOR_NAME = AccentColor;
				CODE_SIGN_STYLE = Automatic;
				DEVELOPMENT_ASSET_PATHS = "\"RGB/Preview Content\"";
				ENABLE_PREVIEWS = YES;
				INFOPLIST_FILE = RGB/Info.plist;
				IPHONEOS_DEPLOYMENT_TARGET = 14.0;
				LD_RUNPATH_SEARCH_PATHS = (
					"$(inherited)",
					"@executable_path/Frameworks",
				);
				PRODUCT_BUNDLE_IDENTIFIER = Junha.RGB;
				PRODUCT_NAME = "$(TARGET_NAME)";
				SWIFT_VERSION = 5.0;
				TARGETED_DEVICE_FAMILY = "1,2";
			};
			name = Debug;
		};
		A00D944A2692D7D600723522 /* Release */ = {
			isa = XCBuildConfiguration;
			buildSettings = {
				ASSETCATALOG_COMPILER_APPICON_NAME = AppIcon;
				ASSETCATALOG_COMPILER_GLOBAL_ACCENT_COLOR_NAME = AccentColor;
				CODE_SIGN_STYLE = Automatic;
				DEVELOPMENT_ASSET_PATHS = "\"RGB/Preview Content\"";
				ENABLE_PREVIEWS = YES;
				INFOPLIST_FILE = RGB/Info.plist;
				IPHONEOS_DEPLOYMENT_TARGET = 14.0;
				LD_RUNPATH_SEARCH_PATHS = (
					"$(inherited)",
					"@executable_path/Frameworks",
				);
				PRODUCT_BUNDLE_IDENTIFIER = Junha.RGB;
				PRODUCT_NAME = "$(TARGET_NAME)";
				SWIFT_VERSION = 5.0;
				TARGETED_DEVICE_FAMILY = "1,2";
			};
			name = Release;
		};
		A00D944C2692D7D600723522 /* Debug */ = {
			isa = XCBuildConfiguration;
			buildSettings = {
				ALWAYS_EMBED_SWIFT_STANDARD_LIBRARIES = YES;
				BUNDLE_LOADER = "$(TEST_HOST)";
				CODE_SIGN_STYLE = Automatic;
				INFOPLIST_FILE = RGBTests/Info.plist;
				IPHONEOS_DEPLOYMENT_TARGET = 14.0;
				LD_RUNPATH_SEARCH_PATHS = (
					"$(inherited)",
					"@executable_path/Frameworks",
					"@loader_path/Frameworks",
				);
				PRODUCT_BUNDLE_IDENTIFIER = Junha.RGBTests;
				PRODUCT_NAME = "$(TARGET_NAME)";
				SWIFT_VERSION = 5.0;
				TARGETED_DEVICE_FAMILY = "1,2";
				TEST_HOST = "$(BUILT_PRODUCTS_DIR)/RGB.app/RGB";
			};
			name = Debug;
		};
		A00D944D2692D7D600723522 /* Release */ = {
			isa = XCBuildConfiguration;
			buildSettings = {
				ALWAYS_EMBED_SWIFT_STANDARD_LIBRARIES = YES;
				BUNDLE_LOADER = "$(TEST_HOST)";
				CODE_SIGN_STYLE = Automatic;
				INFOPLIST_FILE = RGBTests/Info.plist;
				IPHONEOS_DEPLOYMENT_TARGET = 14.0;
				LD_RUNPATH_SEARCH_PATHS = (
					"$(inherited)",
					"@executable_path/Frameworks",
					"@loader_path/Frameworks",
				);
				PRODUCT_BUNDLE_IDENTIFIER = Junha.RGBTests;
				PRODUCT_NAME = "$(TARGET_NAME)";
				SWIFT_VERSION = 5.0;
				TARGETED_DEVICE_FAMILY = "1,2";
				TEST_HOST = "$(BUILT_PRODUCTS_DIR)/RGB.app/RGB";
			};
			name = Release;
		};
		A00D944F2692D7D600723522 /* Debug */ = {
			isa = XCBuildConfiguration;
			buildSettings = {
				ALWAYS_EMBED_SWIFT_STANDARD_LIBRARIES = YES;
				CODE_SIGN_STYLE = Automatic;
				INFOPLIST_FILE = RGBUITests/Info.plist;
				LD_RUNPATH_SEARCH_PATHS = (
					"$(inherited)",
					"@executable_path/Frameworks",
					"@loader_path/Frameworks",
				);
				PRODUCT_BUNDLE_IDENTIFIER = Junha.RGBUITests;
				PRODUCT_NAME = "$(TARGET_NAME)";
				SWIFT_VERSION = 5.0;
				TARGETED_DEVICE_FAMILY = "1,2";
				TEST_TARGET_NAME = RGB;
			};
			name = Debug;
		};
		A00D94502692D7D600723522 /* Release */ = {
			isa = XCBuildConfiguration;
			buildSettings = {
				ALWAYS_EMBED_SWIFT_STANDARD_LIBRARIES = YES;
				CODE_SIGN_STYLE = Automatic;
				INFOPLIST_FILE = RGBUITests/Info.plist;
				LD_RUNPATH_SEARCH_PATHS = (
					"$(inherited)",
					"@executable_path/Frameworks",
					"@loader_path/Frameworks",
				);
				PRODUCT_BUNDLE_IDENTIFIER = Junha.RGBUITests;
				PRODUCT_NAME = "$(TARGET_NAME)";
				SWIFT_VERSION = 5.0;
				TARGETED_DEVICE_FAMILY = "1,2";
				TEST_TARGET_NAME = RGB;
			};
			name = Release;
		};
/* End XCBuildConfiguration section */

/* Begin XCConfigurationList section */
		A00D941E2692D7D300723522 /* Build configuration list for PBXProject "RGB" */ = {
			isa = XCConfigurationList;
			buildConfigurations = (
				A00D94462692D7D600723522 /* Debug */,
				A00D94472692D7D600723522 /* Release */,
			);
			defaultConfigurationIsVisible = 0;
			defaultConfigurationName = Release;
		};
		A00D94482692D7D600723522 /* Build configuration list for PBXNativeTarget "RGB" */ = {
			isa = XCConfigurationList;
			buildConfigurations = (
				A00D94492692D7D600723522 /* Debug */,
				A00D944A2692D7D600723522 /* Release */,
			);
			defaultConfigurationIsVisible = 0;
			defaultConfigurationName = Release;
		};
		A00D944B2692D7D600723522 /* Build configuration list for PBXNativeTarget "RGBTests" */ = {
			isa = XCConfigurationList;
			buildConfigurations = (
				A00D944C2692D7D600723522 /* Debug */,
				A00D944D2692D7D600723522 /* Release */,
			);
			defaultConfigurationIsVisible = 0;
			defaultConfigurationName = Release;
		};
		A00D944E2692D7D600723522 /* Build configuration list for PBXNativeTarget "RGBUITests" */ = {
			isa = XCConfigurationList;
			buildConfigurations = (
				A00D944F2692D7D600723522 /* Debug */,
				A00D94502692D7D600723522 /* Release */,
			);
			defaultConfigurationIsVisible = 0;
			defaultConfigurationName = Release;
		};
/* End XCConfigurationList section */
	};
	rootObject = A00D941B2692D7D300723522 /* Project object */;
}
